
Microsoft Visual Studio Solution File, Format Version 12.00
# Visual Studio 2013
VisualStudioVersion = 12.0.21005.1
MinimumVisualStudioVersion = 10.0.40219.1
Project("{FAE04EC0-301F-11D3-BF4B-00C04F79EFBC}") = "Gui", "TicTacToe\Gui.csproj", "{4043EBE0-EA92-40CA-985E-F60C9E0252FE}"
EndProject
Project("{FAE04EC0-301F-11D3-BF4B-00C04F79EFBC}") = "Logic", "Logic\Logic.csproj", "{7E2E8BF8-68BD-4D67-A93B-4CF2740EAE49}"
EndProject
Project("{FAE04EC0-301F-11D3-BF4B-00C04F79EFBC}") = "Models", "Models\Models.csproj", "{FBB557B6-A983-4DA3-A9F7-EAC05A75135F}"
EndProject
Global
	GlobalSection(SolutionConfigurationPlatforms) = preSolution
		Debug|Any CPU = Debug|Any CPU
		Release|Any CPU = Release|Any CPU
	EndGlobalSection
	GlobalSection(ProjectConfigurationPlatforms) = postSolution
		{4043EBE0-EA92-40CA-985E-F60C9E0252FE}.Debug|Any CPU.ActiveCfg = Debug|Any CPU
		{4043EBE0-EA92-40CA-985E-F60C9E0252FE}.Debug|Any CPU.Build.0 = Debug|Any CPU
		{4043EBE0-EA92-40CA-985E-F60C9E0252FE}.Release|Any CPU.ActiveCfg = Release|Any CPU
		{4043EBE0-EA92-40CA-985E-F60C9E0252FE}.Release|Any CPU.Build.0 = Release|Any CPU
		{7E2E8BF8-68BD-4D67-A93B-4CF2740EAE49}.Debug|Any CPU.ActiveCfg = Debug|Any CPU
		{7E2E8BF8-68BD-4D67-A93B-4CF2740EAE49}.Debug|Any CPU.Build.0 = Debug|Any CPU
		{7E2E8BF8-68BD-4D67-A93B-4CF2740EAE49}.Release|Any CPU.ActiveCfg = Release|Any CPU
		{7E2E8BF8-68BD-4D67-A93B-4CF2740EAE49}.Release|Any CPU.Build.0 = Release|Any CPU
		{FBB557B6-A983-4DA3-A9F7-EAC05A75135F}.Debug|Any CPU.ActiveCfg = Debug|Any CPU
		{FBB557B6-A983-4DA3-A9F7-EAC05A75135F}.Debug|Any CPU.Build.0 = Debug|Any CPU
		{FBB557B6-A983-4DA3-A9F7-EAC05A75135F}.Release|Any CPU.ActiveCfg = Release|Any CPU
		{FBB557B6-A983-4DA3-A9F7-EAC05A75135F}.Release|Any CPU.Build.0 = Release|Any CPU
	EndGlobalSection
	GlobalSection(SolutionProperties) = preSolution
		HideSolutionNode = FALSE
	EndGlobalSection
EndGlobal
